Microsoft Visual Studio Solution File, Format Version 12.00
# Visual Studio Version 17
VisualStudioVersion = 17.5.2.0
MinimumVisualStudioVersion = 10.0.40219.1
Project("{FAE04EC0-301F-11D3-BF4B-00C04F79EFBC}") = "triply-api", "triply-api.csproj", "{79F683DD-81F3-8788-0E5D-A767298C1FA6}"
EndProject
Global
	GlobalSection(SolutionConfigurationPlatforms) = preSolution
		Debug|Any CPU = Debug|Any CPU
		Release|Any CPU = Release|Any CPU
	EndGlobalSection
	GlobalSection(ProjectConfigurationPlatforms) = postSolution
		{79F683DD-81F3-8788-0E5D-A767298C1FA6}.Debug|Any CPU.ActiveCfg = Debug|Any CPU
		{79F683DD-81F3-8788-0E5D-A767298C1FA6}.Debug|Any CPU.Build.0 = Debug|Any CPU
		{79F683DD-81F3-8788-0E5D-A767298C1FA6}.Release|Any CPU.ActiveCfg = Release|Any CPU
		{79F683DD-81F3-8788-0E5D-A767298C1FA6}.Release|Any CPU.Build.0 = Release|Any CPU
	EndGlobalSection
	GlobalSection(SolutionProperties) = preSolution
		HideSolutionNode = FALSE
	EndGlobalSection
	GlobalSection(ExtensibilityGlobals) = postSolution
		SolutionGuid = {510E03F3-ED55-45B8-9585-BD1C238D60EC}
	EndGlobalSection
EndGlobal
